
Microsoft Visual Studio Solution File, Format Version 12.00
# Visual Studio 14
VisualStudioVersion = 14.0.25420.1
MinimumVisualStudioVersion = 10.0.40219.1
Project("{FAE04EC0-301F-11D3-BF4B-00C04F79EFBC}") = "VaccineApp.Android", "VaccineApp\VaccineApp.Android\VaccineApp.Android.csproj", "{BB6A5F5B-E686-4E39-960D-3F91EABFF18C}"
EndProject
Project("{FAE04EC0-301F-11D3-BF4B-00C04F79EFBC}") = "VaccineApp", "VaccineApp\VaccineApp\VaccineApp.csproj", "{9C09ABA5-8F81-4ADF-B3F5-AB58CBFAF5FF}"
EndProject
Project("{FAE04EC0-301F-11D3-BF4B-00C04F79EFBC}") = "VaccineApp.UWP", "VaccineApp\VaccineApp.UWP\VaccineApp.UWP.csproj", "{59659639-EF69-4187-84F5-8AF0F0E59FFF}"
EndProject
Project("{FAE04EC0-301F-11D3-BF4B-00C04F79EFBC}") = "VaccineApp.iOS", "VaccineApp\VaccineApp.iOS\VaccineApp.iOS.csproj", "{6B585C8B-C212-4761-BB7E-D58C369394E3}"
EndProject
Project("{FAE04EC0-301F-11D3-BF4B-00C04F79EFBC}") = "VaccineAppTests", "VaccineAppTests\VaccineAppTests.csproj", "{13797FDC-67B9-42CA-AD3C-7748495C94EC}"
EndProject
Global
	GlobalSection(SolutionConfigurationPlatforms) = preSolution
		Ad-Hoc|Any CPU = Ad-Hoc|Any CPU
		Ad-Hoc|ARM = Ad-Hoc|ARM
		Ad-Hoc|iPhone = Ad-Hoc|iPhone
		Ad-Hoc|iPhoneSimulator = Ad-Hoc|iPhoneSimulator
		Ad-Hoc|x64 = Ad-Hoc|x64
		Ad-Hoc|x86 = Ad-Hoc|x86
		AppStore|Any CPU = AppStore|Any CPU
		AppStore|ARM = AppStore|ARM
		AppStore|iPhone = AppStore|iPhone
		AppStore|iPhoneSimulator = AppStore|iPhoneSimulator
		AppStore|x64 = AppStore|x64
		AppStore|x86 = AppStore|x86
		Debug|Any CPU = Debug|Any CPU
		Debug|ARM = Debug|ARM
		Debug|iPhone = Debug|iPhone
		Debug|iPhoneSimulator = Debug|iPhoneSimulator
		Debug|x64 = Debug|x64
		Debug|x86 = Debug|x86
		Release|Any CPU = Release|Any CPU
		Release|ARM = Release|ARM
		Release|iPhone = Release|iPhone
		Release|iPhoneSimulator = Release|iPhoneSimulator
		Release|x64 = Release|x64
		Release|x86 = Release|x86
	EndGlobalSection
	GlobalSection(ProjectConfigurationPlatforms) = postSolution
		{BB6A5F5B-E686-4E39-960D-3F91EABFF18C}.Ad-Hoc|Any CPU.ActiveCfg = Release|Any CPU
		{BB6A5F5B-E686-4E39-960D-3F91EABFF18C}.Ad-Hoc|Any CPU.Build.0 = Release|Any CPU
		{BB6A5F5B-E686-4E39-960D-3F91EABFF18C}.Ad-Hoc|Any CPU.Deploy.0 = Release|Any CPU
		{BB6A5F5B-E686-4E39-960D-3F91EABFF18C}.Ad-Hoc|ARM.ActiveCfg = Release|Any CPU
		{BB6A5F5B-E686-4E39-960D-3F91EABFF18C}.Ad-Hoc|ARM.Build.0 = Release|Any CPU
		{BB6A5F5B-E686-4E39-960D-3F91EABFF18C}.Ad-Hoc|ARM.Deploy.0 = Release|Any CPU
		{BB6A5F5B-E686-4E39-960D-3F91EABFF18C}.Ad-Hoc|iPhone.ActiveCfg = Release|Any CPU
		{BB6A5F5B-E686-4E39-960D-3F91EABFF18C}.Ad-Hoc|iPhone.Build.0 = Release|Any CPU
		{BB6A5F5B-E686-4E39-960D-3F91EABFF18C}.Ad-Hoc|iPhone.Deploy.0 = Release|Any CPU
		{BB6A5F5B-E686-4E39-960D-3F91EABFF18C}.Ad-Hoc|iPhoneSimulator.ActiveCfg = Release|Any CPU
		{BB6A5F5B-E686-4E39-960D-3F91EABFF18C}.Ad-Hoc|iPhoneSimulator.Build.0 = Release|Any CPU
		{BB6A5F5B-E686-4E39-960D-3F91EABFF18C}.Ad-Hoc|iPhoneSimulator.Deploy.0 = Release|Any CPU
		{BB6A5F5B-E686-4E39-960D-3F91EABFF18C}.Ad-Hoc|x64.ActiveCfg = Release|Any CPU
		{BB6A5F5B-E686-4E39-960D-3F91EABFF18C}.Ad-Hoc|x64.Build.0 = Release|Any CPU
		{BB6A5F5B-E686-4E39-960D-3F91EABFF18C}.Ad-Hoc|x64.Deploy.0 = Release|Any CPU
		{BB6A5F5B-E686-4E39-960D-3F91EABFF18C}.Ad-Hoc|x86.ActiveCfg = Release|Any CPU
		{BB6A5F5B-E686-4E39-960D-3F91EABFF18C}.Ad-Hoc|x86.Build.0 = Release|Any CPU
		{BB6A5F5B-E686-4E39-960D-3F91EABFF18C}.Ad-Hoc|x86.Deploy.0 = Release|Any CPU
		{BB6A5F5B-E686-4E39-960D-3F91EABFF18C}.AppStore|Any CPU.ActiveCfg = Release|Any CPU
		{BB6A5F5B-E686-4E39-960D-3F91EABFF18C}.AppStore|Any CPU.Build.0 = Release|Any CPU
		{BB6A5F5B-E686-4E39-960D-3F91EABFF18C}.AppStore|Any CPU.Deploy.0 = Release|Any CPU
		{BB6A5F5B-E686-4E39-960D-3F91EABFF18C}.AppStore|ARM.ActiveCfg = Release|Any CPU
		{BB6A5F5B-E686-4E39-960D-3F91EABFF18C}.AppStore|ARM.Build.0 = Release|Any CPU
		{BB6A5F5B-E686-4E39-960D-3F91EABFF18C}.AppStore|ARM.Deploy.0 = Release|Any CPU
		{BB6A5F5B-E686-4E39-960D-3F91EABFF18C}.AppStore|iPhone.ActiveCfg = Release|Any CPU
		{BB6A5F5B-E686-4E39-960D-3F91EABFF18C}.AppStore|iPhone.Build.0 = Release|Any CPU
		{BB6A5F5B-E686-4E39-960D-3F91EABFF18C}.AppStore|iPhone.Deploy.0 = Release|Any CPU
		{BB6A5F5B-E686-4E39-960D-3F91EABFF18C}.AppStore|iPhoneSimulator.ActiveCfg = Release|Any CPU
		{BB6A5F5B-E686-4E39-960D-3F91EABFF18C}.AppStore|iPhoneSimulator.Build.0 = Release|Any CPU
		{BB6A5F5B-E686-4E39-960D-3F91EABFF18C}.AppStore|iPhoneSimulator.Deploy.0 = Release|Any CPU
		{BB6A5F5B-E686-4E39-960D-3F91EABFF18C}.AppStore|x64.ActiveCfg = Release|Any CPU
		{BB6A5F5B-E686-4E39-960D-3F91EABFF18C}.AppStore|x64.Build.0 = Release|Any CPU
		{BB6A5F5B-E686-4E39-960D-3F91EABFF18C}.AppStore|x64.Deploy.0 = Release|Any CPU
		{BB6A5F5B-E686-4E39-960D-3F91EABFF18C}.AppStore|x86.ActiveCfg = Release|Any CPU
		{BB6A5F5B-E686-4E39-960D-3F91EABFF18C}.AppStore|x86.Build.0 = Release|Any CPU
		{BB6A5F5B-E686-4E39-960D-3F91EABFF18C}.AppStore|x86.Deploy.0 = Release|Any CPU
		{BB6A5F5B-E686-4E39-960D-3F91EABFF18C}.Debug|Any CPU.ActiveCfg = Debug|Any CPU
		{BB6A5F5B-E686-4E39-960D-3F91EABFF18C}.Debug|Any CPU.Build.0 = Debug|Any CPU
		{BB6A5F5B-E686-4E39-960D-3F91EABFF18C}.Debug|Any CPU.Deploy.0 = Debug|Any CPU
		{BB6A5F5B-E686-4E39-960D-3F91EABFF18C}.Debug|ARM.ActiveCfg = Debug|Any CPU
		{BB6A5F5B-E686-4E39-960D-3F91EABFF18C}.Debug|ARM.Build.0 = Debug|Any CPU
		{BB6A5F5B-E686-4E39-960D-3F91EABFF18C}.Debug|ARM.Deploy.0 = Debug|Any CPU
		{BB6A5F5B-E686-4E39-960D-3F91EABFF18C}.Debug|iPhone.ActiveCfg = Debug|Any CPU
		{BB6A5F5B-E686-4E39-960D-3F91EABFF18C}.Debug|iPhone.Build.0 = Debug|Any CPU
		{BB6A5F5B-E686-4E39-960D-3F91EABFF18C}.Debug|iPhone.Deploy.0 = Debug|Any CPU
		{BB6A5F5B-E686-4E39-960D-3F91EABFF18C}.Debug|iPhoneSimulator.ActiveCfg = Debug|Any CPU
		{BB6A5F5B-E686-4E39-960D-3F91EABFF18C}.Debug|iPhoneSimulator.Build.0 = Debug|Any CPU
		{BB6A5F5B-E686-4E39-960D-3F91EABFF18C}.Debug|iPhoneSimulator.Deploy.0 = Debug|Any CPU
		{BB6A5F5B-E686-4E39-960D-3F91EABFF18C}.Debug|x64.ActiveCfg = Debug|Any CPU
		{BB6A5F5B-E686-4E39-960D-3F91EABFF18C}.Debug|x64.Build.0 = Debug|Any CPU
		{BB6A5F5B-E686-4E39-960D-3F91EABFF18C}.Debug|x64.Deploy.0 = Debug|Any CPU
		{BB6A5F5B-E686-4E39-960D-3F91EABFF18C}.Debug|x86.ActiveCfg = Debug|Any CPU
		{BB6A5F5B-E686-4E39-960D-3F91EABFF18C}.Debug|x86.Build.0 = Debug|Any CPU
		{BB6A5F5B-E686-4E39-960D-3F91EABFF18C}.Debug|x86.Deploy.0 = Debug|Any CPU
		{BB6A5F5B-E686-4E39-960D-3F91EABFF18C}.Release|Any CPU.ActiveCfg = Release|Any CPU
		{BB6A5F5B-E686-4E39-960D-3F91EABFF18C}.Release|Any CPU.Build.0 = Release|Any CPU
		{BB6A5F5B-E686-4E39-960D-3F91EABFF18C}.Release|Any CPU.Deploy.0 = Release|Any CPU
		{BB6A5F5B-E686-4E39-960D-3F91EABFF18C}.Release|ARM.ActiveCfg = Release|Any CPU
		{BB6A5F5B-E686-4E39-960D-3F91EABFF18C}.Release|ARM.Build.0 = Release|Any CPU
		{BB6A5F5B-E686-4E39-960D-3F91EABFF18C}.Release|ARM.Deploy.0 = Release|Any CPU
		{BB6A5F5B-E686-4E39-960D-3F91EABFF18C}.Release|iPhone.ActiveCfg = Release|Any CPU
		{BB6A5F5B-E686-4E39-960D-3F91EABFF18C}.Release|iPhone.Build.0 = Release|Any CPU
		{BB6A5F5B-E686-4E39-960D-3F91EABFF18C}.Release|iPhone.Deploy.0 = Release|Any CPU
		{BB6A5F5B-E686-4E39-960D-3F91EABFF18C}.Release|iPhoneSimulator.ActiveCfg = Release|Any CPU
		{BB6A5F5B-E686-4E39-960D-3F91EABFF18C}.Release|iPhoneSimulator.Build.0 = Release|Any CPU
		{BB6A5F5B-E686-4E39-960D-3F91EABFF18C}.Release|iPhoneSimulator.Deploy.0 = Release|Any CPU
		{BB6A5F5B-E686-4E39-960D-3F91EABFF18C}.Release|x64.ActiveCfg = Release|Any CPU
		{BB6A5F5B-E686-4E39-960D-3F91EABFF18C}.Release|x64.Build.0 = Release|Any CPU
		{BB6A5F5B-E686-4E39-960D-3F91EABFF18C}.Release|x64.Deploy.0 = Release|Any CPU
		{BB6A5F5B-E686-4E39-960D-3F91EABFF18C}.Release|x86.ActiveCfg = Release|Any CPU
		{BB6A5F5B-E686-4E39-960D-3F91EABFF18C}.Release|x86.Build.0 = Release|Any CPU
		{BB6A5F5B-E686-4E39-960D-3F91EABFF18C}.Release|x86.Deploy.0 = Release|Any CPU
		{9C09ABA5-8F81-4ADF-B3F5-AB58CBFAF5FF}.Ad-Hoc|Any CPU.ActiveCfg = Release|Any CPU
		{9C09ABA5-8F81-4ADF-B3F5-AB58CBFAF5FF}.Ad-Hoc|Any CPU.Build.0 = Release|Any CPU
		{9C09ABA5-8F81-4ADF-B3F5-AB58CBFAF5FF}.Ad-Hoc|ARM.ActiveCfg = Release|Any CPU
		{9C09ABA5-8F81-4ADF-B3F5-AB58CBFAF5FF}.Ad-Hoc|ARM.Build.0 = Release|Any CPU
		{9C09ABA5-8F81-4ADF-B3F5-AB58CBFAF5FF}.Ad-Hoc|iPhone.ActiveCfg = Release|Any CPU
		{9C09ABA5-8F81-4ADF-B3F5-AB58CBFAF5FF}.Ad-Hoc|iPhone.Build.0 = Release|Any CPU
		{9C09ABA5-8F81-4ADF-B3F5-AB58CBFAF5FF}.Ad-Hoc|iPhoneSimulator.ActiveCfg = Release|Any CPU
		{9C09ABA5-8F81-4ADF-B3F5-AB58CBFAF5FF}.Ad-Hoc|iPhoneSimulator.Build.0 = Release|Any CPU
		{9C09ABA5-8F81-4ADF-B3F5-AB58CBFAF5FF}.Ad-Hoc|x64.ActiveCfg = Release|Any CPU
		{9C09ABA5-8F81-4ADF-B3F5-AB58CBFAF5FF}.Ad-Hoc|x64.Build.0 = Release|Any CPU
		{9C09ABA5-8F81-4ADF-B3F5-AB58CBFAF5FF}.Ad-Hoc|x86.ActiveCfg = Release|Any CPU
		{9C09ABA5-8F81-4ADF-B3F5-AB58CBFAF5FF}.Ad-Hoc|x86.Build.0 = Release|Any CPU
		{9C09ABA5-8F81-4ADF-B3F5-AB58CBFAF5FF}.AppStore|Any CPU.ActiveCfg = Release|Any CPU
		{9C09ABA5-8F81-4ADF-B3F5-AB58CBFAF5FF}.AppStore|Any CPU.Build.0 = Release|Any CPU
		{9C09ABA5-8F81-4ADF-B3F5-AB58CBFAF5FF}.AppStore|ARM.ActiveCfg = Release|Any CPU
		{9C09ABA5-8F81-4ADF-B3F5-AB58CBFAF5FF}.AppStore|ARM.Build.0 = Release|Any CPU
		{9C09ABA5-8F81-4ADF-B3F5-AB58CBFAF5FF}.AppStore|iPhone.ActiveCfg = Release|Any CPU
		{9C09ABA5-8F81-4ADF-B3F5-AB58CBFAF5FF}.AppStore|iPhone.Build.0 = Release|Any CPU
		{9C09ABA5-8F81-4ADF-B3F5-AB58CBFAF5FF}.AppStore|iPhoneSimulator.ActiveCfg = Release|Any CPU
		{9C09ABA5-8F81-4ADF-B3F5-AB58CBFAF5FF}.AppStore|iPhoneSimulator.Build.0 = Release|Any CPU
		{9C09ABA5-8F81-4ADF-B3F5-AB58CBFAF5FF}.AppStore|x64.ActiveCfg = Release|Any CPU
		{9C09ABA5-8F81-4ADF-B3F5-AB58CBFAF5FF}.AppStore|x64.Build.0 = Release|Any CPU
		{9C09ABA5-8F81-4ADF-B3F5-AB58CBFAF5FF}.AppStore|x86.ActiveCfg = Release|Any CPU
		{9C09ABA5-8F81-4ADF-B3F5-AB58CBFAF5FF}.AppStore|x86.Build.0 = Release|Any CPU
		{9C09ABA5-8F81-4ADF-B3F5-AB58CBFAF5FF}.Debug|Any CPU.ActiveCfg = Debug|Any CPU
		{9C09ABA5-8F81-4ADF-B3F5-AB58CBFAF5FF}.Debug|Any CPU.Build.0 = Debug|Any CPU
		{9C09ABA5-8F81-4ADF-B3F5-AB58CBFAF5FF}.Debug|ARM.ActiveCfg = Debug|Any CPU
		{9C09ABA5-8F81-4ADF-B3F5-AB58CBFAF5FF}.Debug|ARM.Build.0 = Debug|Any CPU
		{9C09ABA5-8F81-4ADF-B3F5-AB58CBFAF5FF}.Debug|iPhone.ActiveCfg = Debug|Any CPU
		{9C09ABA5-8F81-4ADF-B3F5-AB58CBFAF5FF}.Debug|iPhone.Build.0 = Debug|Any CPU
		{9C09ABA5-8F81-4ADF-B3F5-AB58CBFAF5FF}.Debug|iPhoneSimulator.ActiveCfg = Debug|Any CPU
		{9C09ABA5-8F81-4ADF-B3F5-AB58CBFAF5FF}.Debug|iPhoneSimulator.Build.0 = Debug|Any CPU
		{9C09ABA5-8F81-4ADF-B3F5-AB58CBFAF5FF}.Debug|x64.ActiveCfg = Debug|Any CPU
		{9C09ABA5-8F81-4ADF-B3F5-AB58CBFAF5FF}.Debug|x64.Build.0 = Debug|Any CPU
		{9C09ABA5-8F81-4ADF-B3F5-AB58CBFAF5FF}.Debug|x86.ActiveCfg = Debug|Any CPU
		{9C09ABA5-8F81-4ADF-B3F5-AB58CBFAF5FF}.Debug|x86.Build.0 = Debug|Any CPU
		{9C09ABA5-8F81-4ADF-B3F5-AB58CBFAF5FF}.Release|Any CPU.ActiveCfg = Release|Any CPU
		{9C09ABA5-8F81-4ADF-B3F5-AB58CBFAF5FF}.Release|Any CPU.Build.0 = Release|Any CPU
		{9C09ABA5-8F81-4ADF-B3F5-AB58CBFAF5FF}.Release|ARM.ActiveCfg = Release|Any CPU
		{9C09ABA5-8F81-4ADF-B3F5-AB58CBFAF5FF}.Release|ARM.Build.0 = Release|Any CPU
		{9C09ABA5-8F81-4ADF-B3F5-AB58CBFAF5FF}.Release|iPhone.ActiveCfg = Release|Any CPU
		{9C09ABA5-8F81-4ADF-B3F5-AB58CBFAF5FF}.Release|iPhone.Build.0 = Release|Any CPU
		{9C09ABA5-8F81-4ADF-B3F5-AB58CBFAF5FF}.Release|iPhoneSimulator.ActiveCfg = Release|Any CPU
		{9C09ABA5-8F81-4ADF-B3F5-AB58CBFAF5FF}.Release|iPhoneSimulator.Build.0 = Release|Any CPU
		{9C09ABA5-8F81-4ADF-B3F5-AB58CBFAF5FF}.Release|x64.ActiveCfg = Release|Any CPU
		{9C09ABA5-8F81-4ADF-B3F5-AB58CBFAF5FF}.Release|x64.Build.0 = Release|Any CPU
		{9C09ABA5-8F81-4ADF-B3F5-AB58CBFAF5FF}.Release|x86.ActiveCfg = Release|Any CPU
		{9C09ABA5-8F81-4ADF-B3F5-AB58CBFAF5FF}.Release|x86.Build.0 = Release|Any CPU
		{59659639-EF69-4187-84F5-8AF0F0E59FFF}.Ad-Hoc|Any CPU.ActiveCfg = Release|x86
		{59659639-EF69-4187-84F5-8AF0F0E59FFF}.Ad-Hoc|Any CPU.Build.0 = Release|x86
		{59659639-EF69-4187-84F5-8AF0F0E59FFF}.Ad-Hoc|Any CPU.Deploy.0 = Release|x86
		{59659639-EF69-4187-84F5-8AF0F0E59FFF}.Ad-Hoc|ARM.ActiveCfg = Release|ARM
		{59659639-EF69-4187-84F5-8AF0F0E59FFF}.Ad-Hoc|ARM.Build.0 = Release|ARM
		{59659639-EF69-4187-84F5-8AF0F0E59FFF}.Ad-Hoc|ARM.Deploy.0 = Release|ARM
		{59659639-EF69-4187-84F5-8AF0F0E59FFF}.Ad-Hoc|iPhone.ActiveCfg = Release|x86
		{59659639-EF69-4187-84F5-8AF0F0E59FFF}.Ad-Hoc|iPhone.Build.0 = Release|x86
		{59659639-EF69-4187-84F5-8AF0F0E59FFF}.Ad-Hoc|iPhone.Deploy.0 = Release|x86
		{59659639-EF69-4187-84F5-8AF0F0E59FFF}.Ad-Hoc|iPhoneSimulator.ActiveCfg = Release|x86
		{59659639-EF69-4187-84F5-8AF0F0E59FFF}.Ad-Hoc|iPhoneSimulator.Build.0 = Release|x86
		{59659639-EF69-4187-84F5-8AF0F0E59FFF}.Ad-Hoc|iPhoneSimulator.Deploy.0 = Release|x86
		{59659639-EF69-4187-84F5-8AF0F0E59FFF}.Ad-Hoc|x64.ActiveCfg = Release|x64
		{59659639-EF69-4187-84F5-8AF0F0E59FFF}.Ad-Hoc|x64.Build.0 = Release|x64
		{59659639-EF69-4187-84F5-8AF0F0E59FFF}.Ad-Hoc|x64.Deploy.0 = Release|x64
		{59659639-EF69-4187-84F5-8AF0F0E59FFF}.Ad-Hoc|x86.ActiveCfg = Release|x86
		{59659639-EF69-4187-84F5-8AF0F0E59FFF}.Ad-Hoc|x86.Build.0 = Release|x86
		{59659639-EF69-4187-84F5-8AF0F0E59FFF}.Ad-Hoc|x86.Deploy.0 = Release|x86
		{59659639-EF69-4187-84F5-8AF0F0E59FFF}.AppStore|Any CPU.ActiveCfg = Release|x86
		{59659639-EF69-4187-84F5-8AF0F0E59FFF}.AppStore|Any CPU.Build.0 = Release|x86
		{59659639-EF69-4187-84F5-8AF0F0E59FFF}.AppStore|Any CPU.Deploy.0 = Release|x86
		{59659639-EF69-4187-84F5-8AF0F0E59FFF}.AppStore|ARM.ActiveCfg = Release|ARM
		{59659639-EF69-4187-84F5-8AF0F0E59FFF}.AppStore|ARM.Build.0 = Release|ARM
		{59659639-EF69-4187-84F5-8AF0F0E59FFF}.AppStore|ARM.Deploy.0 = Release|ARM
		{59659639-EF69-4187-84F5-8AF0F0E59FFF}.AppStore|iPhone.ActiveCfg = Release|x86
		{59659639-EF69-4187-84F5-8AF0F0E59FFF}.AppStore|iPhone.Build.0 = Release|x86
		{59659639-EF69-4187-84F5-8AF0F0E59FFF}.AppStore|iPhone.Deploy.0 = Release|x86
		{59659639-EF69-4187-84F5-8AF0F0E59FFF}.AppStore|iPhoneSimulator.ActiveCfg = Release|x86
		{59659639-EF69-4187-84F5-8AF0F0E59FFF}.AppStore|iPhoneSimulator.Build.0 = Release|x86
		{59659639-EF69-4187-84F5-8AF0F0E59FFF}.AppStore|iPhoneSimulator.Deploy.0 = Release|x86
		{59659639-EF69-4187-84F5-8AF0F0E59FFF}.AppStore|x64.ActiveCfg = Release|x64
		{59659639-EF69-4187-84F5-8AF0F0E59FFF}.AppStore|x64.Build.0 = Release|x64
		{59659639-EF69-4187-84F5-8AF0F0E59FFF}.AppStore|x64.Deploy.0 = Release|x64
		{59659639-EF69-4187-84F5-8AF0F0E59FFF}.AppStore|x86.ActiveCfg = Release|x86
		{59659639-EF69-4187-84F5-8AF0F0E59FFF}.AppStore|x86.Build.0 = Release|x86
		{59659639-EF69-4187-84F5-8AF0F0E59FFF}.AppStore|x86.Deploy.0 = Release|x86
		{59659639-EF69-4187-84F5-8AF0F0E59FFF}.Debug|Any CPU.ActiveCfg = Debug|x86
		{59659639-EF69-4187-84F5-8AF0F0E59FFF}.Debug|ARM.ActiveCfg = Debug|ARM
		{59659639-EF69-4187-84F5-8AF0F0E59FFF}.Debug|ARM.Build.0 = Debug|ARM
		{59659639-EF69-4187-84F5-8AF0F0E59FFF}.Debug|ARM.Deploy.0 = Debug|ARM
		{59659639-EF69-4187-84F5-8AF0F0E59FFF}.Debug|iPhone.ActiveCfg = Debug|x86
		{59659639-EF69-4187-84F5-8AF0F0E59FFF}.Debug|iPhoneSimulator.ActiveCfg = Debug|x86
		{59659639-EF69-4187-84F5-8AF0F0E59FFF}.Debug|x64.ActiveCfg = Debug|x64
		{59659639-EF69-4187-84F5-8AF0F0E59FFF}.Debug|x64.Build.0 = Debug|x64
		{59659639-EF69-4187-84F5-8AF0F0E59FFF}.Debug|x64.Deploy.0 = Debug|x64
		{59659639-EF69-4187-84F5-8AF0F0E59FFF}.Debug|x86.ActiveCfg = Debug|x86
		{59659639-EF69-4187-84F5-8AF0F0E59FFF}.Debug|x86.Build.0 = Debug|x86
		{59659639-EF69-4187-84F5-8AF0F0E59FFF}.Debug|x86.Deploy.0 = Debug|x86
		{59659639-EF69-4187-84F5-8AF0F0E59FFF}.Release|Any CPU.ActiveCfg = Release|x86
		{59659639-EF69-4187-84F5-8AF0F0E59FFF}.Release|ARM.ActiveCfg = Release|ARM
		{59659639-EF69-4187-84F5-8AF0F0E59FFF}.Release|ARM.Build.0 = Release|ARM
		{59659639-EF69-4187-84F5-8AF0F0E59FFF}.Release|ARM.Deploy.0 = Release|ARM
		{59659639-EF69-4187-84F5-8AF0F0E59FFF}.Release|iPhone.ActiveCfg = Release|x86
		{59659639-EF69-4187-84F5-8AF0F0E59FFF}.Release|iPhoneSimulator.ActiveCfg = Release|x86
		{59659639-EF69-4187-84F5-8AF0F0E59FFF}.Release|x64.ActiveCfg = Release|x64
		{59659639-EF69-4187-84F5-8AF0F0E59FFF}.Release|x64.Build.0 = Release|x64
		{59659639-EF69-4187-84F5-8AF0F0E59FFF}.Release|x64.Deploy.0 = Release|x64
		{59659639-EF69-4187-84F5-8AF0F0E59FFF}.Release|x86.ActiveCfg = Release|x86
		{59659639-EF69-4187-84F5-8AF0F0E59FFF}.Release|x86.Build.0 = Release|x86
		{59659639-EF69-4187-84F5-8AF0F0E59FFF}.Release|x86.Deploy.0 = Release|x86
		{6B585C8B-C212-4761-BB7E-D58C369394E3}.Ad-Hoc|Any CPU.ActiveCfg = Ad-Hoc|iPhone
		{6B585C8B-C212-4761-BB7E-D58C369394E3}.Ad-Hoc|ARM.ActiveCfg = Ad-Hoc|iPhone
		{6B585C8B-C212-4761-BB7E-D58C369394E3}.Ad-Hoc|iPhone.ActiveCfg = Ad-Hoc|iPhone
		{6B585C8B-C212-4761-BB7E-D58C369394E3}.Ad-Hoc|iPhone.Build.0 = Ad-Hoc|iPhone
		{6B585C8B-C212-4761-BB7E-D58C369394E3}.Ad-Hoc|iPhoneSimulator.ActiveCfg = Ad-Hoc|iPhoneSimulator
		{6B585C8B-C212-4761-BB7E-D58C369394E3}.Ad-Hoc|iPhoneSimulator.Build.0 = Ad-Hoc|iPhoneSimulator
		{6B585C8B-C212-4761-BB7E-D58C369394E3}.Ad-Hoc|x64.ActiveCfg = Ad-Hoc|iPhone
		{6B585C8B-C212-4761-BB7E-D58C369394E3}.Ad-Hoc|x86.ActiveCfg = Ad-Hoc|iPhone
		{6B585C8B-C212-4761-BB7E-D58C369394E3}.AppStore|Any CPU.ActiveCfg = AppStore|iPhone
		{6B585C8B-C212-4761-BB7E-D58C369394E3}.AppStore|ARM.ActiveCfg = AppStore|iPhone
		{6B585C8B-C212-4761-BB7E-D58C369394E3}.AppStore|iPhone.ActiveCfg = AppStore|iPhone
		{6B585C8B-C212-4761-BB7E-D58C369394E3}.AppStore|iPhone.Build.0 = AppStore|iPhone
		{6B585C8B-C212-4761-BB7E-D58C369394E3}.AppStore|iPhoneSimulator.ActiveCfg = AppStore|iPhoneSimulator
		{6B585C8B-C212-4761-BB7E-D58C369394E3}.AppStore|iPhoneSimulator.Build.0 = AppStore|iPhoneSimulator
		{6B585C8B-C212-4761-BB7E-D58C369394E3}.AppStore|x64.ActiveCfg = AppStore|iPhone
		{6B585C8B-C212-4761-BB7E-D58C369394E3}.AppStore|x86.ActiveCfg = AppStore|iPhone
		{6B585C8B-C212-4761-BB7E-D58C369394E3}.Debug|Any CPU.ActiveCfg = Debug|iPhone
		{6B585C8B-C212-4761-BB7E-D58C369394E3}.Debug|ARM.ActiveCfg = Debug|iPhone
		{6B585C8B-C212-4761-BB7E-D58C369394E3}.Debug|iPhone.ActiveCfg = Debug|iPhone
		{6B585C8B-C212-4761-BB7E-D58C369394E3}.Debug|iPhone.Build.0 = Debug|iPhone
		{6B585C8B-C212-4761-BB7E-D58C369394E3}.Debug|iPhoneSimulator.ActiveCfg = Debug|iPhoneSimulator
		{6B585C8B-C212-4761-BB7E-D58C369394E3}.Debug|iPhoneSimulator.Build.0 = Debug|iPhoneSimulator
		{6B585C8B-C212-4761-BB7E-D58C369394E3}.Debug|x64.ActiveCfg = Debug|iPhone
		{6B585C8B-C212-4761-BB7E-D58C369394E3}.Debug|x86.ActiveCfg = Debug|iPhone
		{6B585C8B-C212-4761-BB7E-D58C369394E3}.Release|Any CPU.ActiveCfg = Release|iPhone
		{6B585C8B-C212-4761-BB7E-D58C369394E3}.Release|ARM.ActiveCfg = Release|iPhone
		{6B585C8B-C212-4761-BB7E-D58C369394E3}.Release|iPhone.ActiveCfg = Release|iPhone
		{6B585C8B-C212-4761-BB7E-D58C369394E3}.Release|iPhone.Build.0 = Release|iPhone
		{6B585C8B-C212-4761-BB7E-D58C369394E3}.Release|iPhoneSimulator.ActiveCfg = Release|iPhoneSimulator
		{6B585C8B-C212-4761-BB7E-D58C369394E3}.Release|iPhoneSimulator.Build.0 = Release|iPhoneSimulator
		{6B585C8B-C212-4761-BB7E-D58C369394E3}.Release|x64.ActiveCfg = Release|iPhone
		{6B585C8B-C212-4761-BB7E-D58C369394E3}.Release|x86.ActiveCfg = Release|iPhone
		{13797FDC-67B9-42CA-AD3C-7748495C94EC}.Ad-Hoc|Any CPU.ActiveCfg = Release|Any CPU
		{13797FDC-67B9-42CA-AD3C-7748495C94EC}.Ad-Hoc|Any CPU.Build.0 = Release|Any CPU
		{13797FDC-67B9-42CA-AD3C-7748495C94EC}.Ad-Hoc|ARM.ActiveCfg = Release|Any CPU
		{13797FDC-67B9-42CA-AD3C-7748495C94EC}.Ad-Hoc|ARM.Build.0 = Release|Any CPU
		{13797FDC-67B9-42CA-AD3C-7748495C94EC}.Ad-Hoc|iPhone.ActiveCfg = Release|Any CPU
		{13797FDC-67B9-42CA-AD3C-7748495C94EC}.Ad-Hoc|iPhone.Build.0 = Release|Any CPU
		{13797FDC-67B9-42CA-AD3C-7748495C94EC}.Ad-Hoc|iPhoneSimulator.ActiveCfg = Release|Any CPU
		{13797FDC-67B9-42CA-AD3C-7748495C94EC}.Ad-Hoc|iPhoneSimulator.Build.0 = Release|Any CPU
		{13797FDC-67B9-42CA-AD3C-7748495C94EC}.Ad-Hoc|x64.ActiveCfg = Release|Any CPU
		{13797FDC-67B9-42CA-AD3C-7748495C94EC}.Ad-Hoc|x64.Build.0 = Release|Any CPU
		{13797FDC-67B9-42CA-AD3C-7748495C94EC}.Ad-Hoc|x86.ActiveCfg = Release|Any CPU
		{13797FDC-67B9-42CA-AD3C-7748495C94EC}.Ad-Hoc|x86.Build.0 = Release|Any CPU
		{13797FDC-67B9-42CA-AD3C-7748495C94EC}.AppStore|Any CPU.ActiveCfg = Release|Any CPU
		{13797FDC-67B9-42CA-AD3C-7748495C94EC}.AppStore|Any CPU.Build.0 = Release|Any CPU
		{13797FDC-67B9-42CA-AD3C-7748495C94EC}.AppStore|ARM.ActiveCfg = Release|Any CPU
		{13797FDC-67B9-42CA-AD3C-7748495C94EC}.AppStore|ARM.Build.0 = Release|Any CPU
		{13797FDC-67B9-42CA-AD3C-7748495C94EC}.AppStore|iPhone.ActiveCfg = Release|Any CPU
		{13797FDC-67B9-42CA-AD3C-7748495C94EC}.AppStore|iPhone.Build.0 = Release|Any CPU
		{13797FDC-67B9-42CA-AD3C-7748495C94EC}.AppStore|iPhoneSimulator.ActiveCfg = Release|Any CPU
		{13797FDC-67B9-42CA-AD3C-7748495C94EC}.AppStore|iPhoneSimulator.Build.0 = Release|Any CPU
		{13797FDC-67B9-42CA-AD3C-7748495C94EC}.AppStore|x64.ActiveCfg = Release|Any CPU
		{13797FDC-67B9-42CA-AD3C-7748495C94EC}.AppStore|x64.Build.0 = Release|Any CPU
		{13797FDC-67B9-42CA-AD3C-7748495C94EC}.AppStore|x86.ActiveCfg = Release|Any CPU
		{13797FDC-67B9-42CA-AD3C-7748495C94EC}.AppStore|x86.Build.0 = Release|Any CPU
		{13797FDC-67B9-42CA-AD3C-7748495C94EC}.Debug|Any CPU.ActiveCfg = Debug|Any CPU
		{13797FDC-67B9-42CA-AD3C-7748495C94EC}.Debug|Any CPU.Build.0 = Debug|Any CPU
		{13797FDC-67B9-42CA-AD3C-7748495C94EC}.Debug|ARM.ActiveCfg = Debug|Any CPU
		{13797FDC-67B9-42CA-AD3C-7748495C94EC}.Debug|ARM.Build.0 = Debug|Any CPU
		{13797FDC-67B9-42CA-AD3C-7748495C94EC}.Debug|iPhone.ActiveCfg = Debug|Any CPU
		{13797FDC-67B9-42CA-AD3C-7748495C94EC}.Debug|iPhone.Build.0 = Debug|Any CPU
		{13797FDC-67B9-42CA-AD3C-7748495C94EC}.Debug|iPhoneSimulator.ActiveCfg = Debug|Any CPU
		{13797FDC-67B9-42CA-AD3C-7748495C94EC}.Debug|iPhoneSimulator.Build.0 = Debug|Any CPU
		{13797FDC-67B9-42CA-AD3C-7748495C94EC}.Debug|x64.ActiveCfg = Debug|Any CPU
		{13797FDC-67B9-42CA-AD3C-7748495C94EC}.Debug|x64.Build.0 = Debug|Any CPU
		{13797FDC-67B9-42CA-AD3C-7748495C94EC}.Debug|x86.ActiveCfg = Debug|Any CPU
		{13797FDC-67B9-42CA-AD3C-7748495C94EC}.Debug|x86.Build.0 = Debug|Any CPU
		{13797FDC-67B9-42CA-AD3C-7748495C94EC}.Release|Any CPU.ActiveCfg = Release|Any CPU
		{13797FDC-67B9-42CA-AD3C-7748495C94EC}.Release|Any CPU.Build.0 = Release|Any CPU
		{13797FDC-67B9-42CA-AD3C-7748495C94EC}.Release|ARM.ActiveCfg = Release|Any CPU
		{13797FDC-67B9-42CA-AD3C-7748495C94EC}.Release|ARM.Build.0 = Release|Any CPU
		{13797FDC-67B9-42CA-AD3C-7748495C94EC}.Release|iPhone.ActiveCfg = Release|Any CPU
		{13797FDC-67B9-42CA-AD3C-7748495C94EC}.Release|iPhone.Build.0 = Release|Any CPU
		{13797FDC-67B9-42CA-AD3C-7748495C94EC}.Release|iPhoneSimulator.ActiveCfg = Release|Any CPU
		{13797FDC-67B9-42CA-AD3C-7748495C94EC}.Release|iPhoneSimulator.Build.0 = Release|Any CPU
		{13797FDC-67B9-42CA-AD3C-7748495C94EC}.Release|x64.ActiveCfg = Release|Any CPU
		{13797FDC-67B9-42CA-AD3C-7748495C94EC}.Release|x64.Build.0 = Release|Any CPU
		{13797FDC-67B9-42CA-AD3C-7748495C94EC}.Release|x86.ActiveCfg = Release|Any CPU
		{13797FDC-67B9-42CA-AD3C-7748495C94EC}.Release|x86.Build.0 = Release|Any CPU
	EndGlobalSection
	GlobalSection(SolutionProperties) = preSolution
		HideSolutionNode = FALSE
	EndGlobalSection
EndGlobal
